// !$*UTF8*$!
{
	archiveVersion = 1;
	classes = {
	};
	objectVersion = 46;
	objects = {

/* Begin PBXBuildFile section */
		5F28A0981DC1A2B5000FD227 /* LocationDetailSAVC.swift in Sources */ = {isa = PBXBuildFile; fileRef = 5F28A0971DC1A2B5000FD227 /* LocationDetailSAVC.swift */; };
		5F28A09A1DC1A900000FD227 /* LocationDetailEUVC.swift in Sources */ = {isa = PBXBuildFile; fileRef = 5F28A0991DC1A900000FD227 /* LocationDetailEUVC.swift */; };
		5F28A09C1DC1A93B000FD227 /* LocationDetailAsiaVC.swift in Sources */ = {isa = PBXBuildFile; fileRef = 5F28A09B1DC1A93B000FD227 /* LocationDetailAsiaVC.swift */; };
		5F28A09E1DC1A96A000FD227 /* LocationDetailAfricaVC.swift in Sources */ = {isa = PBXBuildFile; fileRef = 5F28A09D1DC1A96A000FD227 /* LocationDetailAfricaVC.swift */; };
		5F28A0A01DC1A990000FD227 /* LocationDetailAustraliaVC.swift in Sources */ = {isa = PBXBuildFile; fileRef = 5F28A09F1DC1A990000FD227 /* LocationDetailAustraliaVC.swift */; };
		5F28A0A21DC6E7C0000FD227 /* Constants.swift in Sources */ = {isa = PBXBuildFile; fileRef = 5F28A0A11DC6E7C0000FD227 /* Constants.swift */; };
		5F28A0CE1DC911B2000FD227 /* DetailCompanyVC.swift in Sources */ = {isa = PBXBuildFile; fileRef = 5F28A0CD1DC911B1000FD227 /* DetailCompanyVC.swift */; };
		5F2DDCE91D9F4F2300AE2C83 /* Name.swift in Sources */ = {isa = PBXBuildFile; fileRef = 5F2DDCE81D9F4F2300AE2C83 /* Name.swift */; };
		5F2DDCEB1D9F539400AE2C83 /* NameCell.swift in Sources */ = {isa = PBXBuildFile; fileRef = 5F2DDCEA1D9F539400AE2C83 /* NameCell.swift */; };
		5F37218C1D9FF172005CBDF4 /* NameViewController.swift in Sources */ = {isa = PBXBuildFile; fileRef = 5F37218B1D9FF172005CBDF4 /* NameViewController.swift */; };
		5F37218E1D9FF833005CBDF4 /* CompanyViewController.swift in Sources */ = {isa = PBXBuildFile; fileRef = 5F37218D1D9FF832005CBDF4 /* CompanyViewController.swift */; };
		5F3721901D9FF850005CBDF4 /* Company.swift in Sources */ = {isa = PBXBuildFile; fileRef = 5F37218F1D9FF850005CBDF4 /* Company.swift */; };
		5F3721921D9FF89F005CBDF4 /* CompanyCell.swift in Sources */ = {isa = PBXBuildFile; fileRef = 5F3721911D9FF89F005CBDF4 /* CompanyCell.swift */; };
		5F3721941D9FFF00005CBDF4 /* Industry.swift in Sources */ = {isa = PBXBuildFile; fileRef = 5F3721931D9FFF00005CBDF4 /* Industry.swift */; };
		5F3721961D9FFF0F005CBDF4 /* IndustryCell.swift in Sources */ = {isa = PBXBuildFile; fileRef = 5F3721951D9FFF0F005CBDF4 /* IndustryCell.swift */; };
		5F3721981D9FFF30005CBDF4 /* IndustryViewController.swift in Sources */ = {isa = PBXBuildFile; fileRef = 5F3721971D9FFF30005CBDF4 /* IndustryViewController.swift */; };
		5F37219A1DA08EBC005CBDF4 /* DetailNameVC.swift in Sources */ = {isa = PBXBuildFile; fileRef = 5F3721991DA08EBB005CBDF4 /* DetailNameVC.swift */; };
		5F3D07DC1DA5DA75005C1975 /* Assets.xcassets in Resources */ = {isa = PBXBuildFile; fileRef = 5F3D07DB1DA5DA75005C1975 /* Assets.xcassets */; };
		5F3D07DE1DA81364005C1975 /* CompanyNameListVC.swift in Sources */ = {isa = PBXBuildFile; fileRef = 5F3D07DD1DA81364005C1975 /* CompanyNameListVC.swift */; };
		5F3D07E41DACA16A005C1975 /* IndustryDetailVC.swift in Sources */ = {isa = PBXBuildFile; fileRef = 5F3D07E31DACA16A005C1975 /* IndustryDetailVC.swift */; };
		5F3D07E61DAD3657005C1975 /* TimelineViewController.swift in Sources */ = {isa = PBXBuildFile; fileRef = 5F3D07E51DAD3656005C1975 /* TimelineViewController.swift */; };
		5F3D07E81DAD8A0D005C1975 /* Location.swift in Sources */ = {isa = PBXBuildFile; fileRef = 5F3D07E71DAD8A0D005C1975 /* Location.swift */; };
		5F3D07EA1DAD8A9F005C1975 /* LocationCell.swift in Sources */ = {isa = PBXBuildFile; fileRef = 5F3D07E91DAD8A9F005C1975 /* LocationCell.swift */; };
		5F3D07EC1DAD8BAA005C1975 /* LocationDetailVC.swift in Sources */ = {isa = PBXBuildFile; fileRef = 5F3D07EB1DAD8BAA005C1975 /* LocationDetailVC.swift */; };
		5F3D07EE1DAD8BD2005C1975 /* LocationViewController.swift in Sources */ = {isa = PBXBuildFile; fileRef = 5F3D07ED1DAD8BD2005C1975 /* LocationViewController.swift */; };
		5F3D07F01DAF093F005C1975 /* LocationDetailNameVC.swift in Sources */ = {isa = PBXBuildFile; fileRef = 5F3D07EF1DAF093F005C1975 /* LocationDetailNameVC.swift */; };
		5F3D07F31DAF1FCD005C1975 /* Trubble.ttf in Resources */ = {isa = PBXBuildFile; fileRef = 5F3D07F21DAF1FCD005C1975 /* Trubble.ttf */; };
		5F3D07F51DAF202B005C1975 /* Kickass.ttf in Resources */ = {isa = PBXBuildFile; fileRef = 5F3D07F41DAF202B005C1975 /* Kickass.ttf */; };
		5F3D07F71DAF22DE005C1975 /* Napapiiri.ttf in Resources */ = {isa = PBXBuildFile; fileRef = 5F3D07F61DAF22DE005C1975 /* Napapiiri.ttf */; };
		5F3D07F91DAF2339005C1975 /* Iam.ttf in Resources */ = {isa = PBXBuildFile; fileRef = 5F3D07F81DAF2339005C1975 /* Iam.ttf */; };
		5F3D07FB1DAF3CE5005C1975 /* TimelineDetailVC.swift in Sources */ = {isa = PBXBuildFile; fileRef = 5F3D07FA1DAF3CE5005C1975 /* TimelineDetailVC.swift */; };
		5FB987181D8D8D430052AC6D /* AppDelegate.swift in Sources */ = {isa = PBXBuildFile; fileRef = 5FB987171D8D8D430052AC6D /* AppDelegate.swift */; };
		5FB9871A1D8D8D430052AC6D /* ViewController.swift in Sources */ = {isa = PBXBuildFile; fileRef = 5FB987191D8D8D430052AC6D /* ViewController.swift */; };
		5FB9871D1D8D8D430052AC6D /* Main.storyboard in Resources */ = {isa = PBXBuildFile; fileRef = 5FB9871B1D8D8D430052AC6D /* Main.storyboard */; };
		5FB987221D8D8D430052AC6D /* LaunchScreen.storyboard in Resources */ = {isa = PBXBuildFile; fileRef = 5FB987201D8D8D430052AC6D /* LaunchScreen.storyboard */; };
		FB128841B4A40D1A5AE89ED6 /* Pods_SeniorSeminar.framework in Frameworks */ = {isa = PBXBuildFile; fileRef = 0B312AFCFA5FE4F21F74A629 /* Pods_SeniorSeminar.framework */; };
/* End PBXBuildFile section */

/* Begin PBXFileReference section */
		0B312AFCFA5FE4F21F74A629 /* Pods_SeniorSeminar.framework */ = {isa = PBXFileReference; explicitFileType = wrapper.framework; includeInIndex = 0; path = Pods_SeniorSeminar.framework; sourceTree = BUILT_PRODUCTS_DIR; };
		4362DF0BFAA04476FFB31B1F /* Pods-SeniorSeminar.debug.xcconfig */ = {isa = PBXFileReference; includeInIndex = 1; lastKnownFileType = text.xcconfig; name = "Pods-SeniorSeminar.debug.xcconfig"; path = "Pods/Target Support Files/Pods-SeniorSeminar/Pods-SeniorSeminar.debug.xcconfig"; sourceTree = "<group>"; };
		5F28A0971DC1A2B5000FD227 /* LocationDetailSAVC.swift */ = {isa = PBXFileReference; fileEncoding = 4; lastKnownFileType = sourcecode.swift; path = LocationDetailSAVC.swift; sourceTree = "<group>"; };
		5F28A0991DC1A900000FD227 /* LocationDetailEUVC.swift */ = {isa = PBXFileReference; fileEncoding = 4; lastKnownFileType = sourcecode.swift; path = LocationDetailEUVC.swift; sourceTree = "<group>"; };
		5F28A09B1DC1A93B000FD227 /* LocationDetailAsiaVC.swift */ = {isa = PBXFileReference; fileEncoding = 4; lastKnownFileType = sourcecode.swift; path = LocationDetailAsiaVC.swift; sourceTree = "<group>"; };
		5F28A09D1DC1A96A000FD227 /* LocationDetailAfricaVC.swift */ = {isa = PBXFileReference; fileEncoding = 4; lastKnownFileType = sourcecode.swift; path = LocationDetailAfricaVC.swift; sourceTree = "<group>"; };
		5F28A09F1DC1A990000FD227 /* LocationDetailAustraliaVC.swift */ = {isa = PBXFileReference; fileEncoding = 4; lastKnownFileType = sourcecode.swift; path = LocationDetailAustraliaVC.swift; sourceTree = "<group>"; };
		5F28A0A11DC6E7C0000FD227 /* Constants.swift */ = {isa = PBXFileReference; fileEncoding = 4; lastKnownFileType = sourcecode.swift; path = Constants.swift; sourceTree = "<group>"; };
		5F28A0CD1DC911B1000FD227 /* DetailCompanyVC.swift */ = {isa = PBXFileReference; fileEncoding = 4; lastKnownFileType = sourcecode.swift; path = DetailCompanyVC.swift; sourceTree = "<group>"; };
		5F2DDCE81D9F4F2300AE2C83 /* Name.swift */ = {isa = PBXFileReference; fileEncoding = 4; lastKnownFileType = sourcecode.swift; path = Name.swift; sourceTree = "<group>"; };
		5F2DDCEA1D9F539400AE2C83 /* NameCell.swift */ = {isa = PBXFileReference; fileEncoding = 4; lastKnownFileType = sourcecode.swift; path = NameCell.swift; sourceTree = "<group>"; };
		5F37218B1D9FF172005CBDF4 /* NameViewController.swift */ = {isa = PBXFileReference; fileEncoding = 4; lastKnownFileType = sourcecode.swift; path = NameViewController.swift; sourceTree = "<group>"; };
		5F37218D1D9FF832005CBDF4 /* CompanyViewController.swift */ = {isa = PBXFileReference; fileEncoding = 4; lastKnownFileType = sourcecode.swift; path = CompanyViewController.swift; sourceTree = "<group>"; };
		5F37218F1D9FF850005CBDF4 /* Company.swift */ = {isa = PBXFileReference; fileEncoding = 4; lastKnownFileType = sourcecode.swift; path = Company.swift; sourceTree = "<group>"; };
		5F3721911D9FF89F005CBDF4 /* CompanyCell.swift */ = {isa = PBXFileReference; fileEncoding = 4; lastKnownFileType = sourcecode.swift; path = CompanyCell.swift; sourceTree = "<group>"; };
		5F3721931D9FFF00005CBDF4 /* Industry.swift */ = {isa = PBXFileReference; fileEncoding = 4; lastKnownFileType = sourcecode.swift; path = Industry.swift; sourceTree = "<group>"; };
		5F3721951D9FFF0F005CBDF4 /* IndustryCell.swift */ = {isa = PBXFileReference; fileEncoding = 4; lastKnownFileType = sourcecode.swift; path = IndustryCell.swift; sourceTree = "<group>"; };
		5F3721971D9FFF30005CBDF4 /* IndustryViewController.swift */ = {isa = PBXFileReference; fileEncoding = 4; lastKnownFileType = sourcecode.swift; path = IndustryViewController.swift; sourceTree = "<group>"; };
		5F3721991DA08EBB005CBDF4 /* DetailNameVC.swift */ = {isa = PBXFileReference; fileEncoding = 4; lastKnownFileType = sourcecode.swift; path = DetailNameVC.swift; sourceTree = "<group>"; };
		5F3D07DB1DA5DA75005C1975 /* Assets.xcassets */ = {isa = PBXFileReference; lastKnownFileType = folder.assetcatalog; name = Assets.xcassets; path = ../Assets.xcassets; sourceTree = "<group>"; };
		5F3D07DD1DA81364005C1975 /* CompanyNameListVC.swift */ = {isa = PBXFileReference; fileEncoding = 4; lastKnownFileType = sourcecode.swift; name = CompanyNameListVC.swift; path = ../CompanyNameListVC.swift; sourceTree = "<group>"; };
		5F3D07E31DACA16A005C1975 /* IndustryDetailVC.swift */ = {isa = PBXFileReference; fileEncoding = 4; lastKnownFileType = sourcecode.swift; path = IndustryDetailVC.swift; sourceTree = "<group>"; };
		5F3D07E51DAD3656005C1975 /* TimelineViewController.swift */ = {isa = PBXFileReference; fileEncoding = 4; lastKnownFileType = sourcecode.swift; path = TimelineViewController.swift; sourceTree = "<group>"; };
		5F3D07E71DAD8A0D005C1975 /* Location.swift */ = {isa = PBXFileReference; fileEncoding = 4; lastKnownFileType = sourcecode.swift; path = Location.swift; sourceTree = "<group>"; };
		5F3D07E91DAD8A9F005C1975 /* LocationCell.swift */ = {isa = PBXFileReference; fileEncoding = 4; lastKnownFileType = sourcecode.swift; path = LocationCell.swift; sourceTree = "<group>"; };
		5F3D07EB1DAD8BAA005C1975 /* LocationDetailVC.swift */ = {isa = PBXFileReference; fileEncoding = 4; lastKnownFileType = sourcecode.swift; path = LocationDetailVC.swift; sourceTree = "<group>"; };
		5F3D07ED1DAD8BD2005C1975 /* LocationViewController.swift */ = {isa = PBXFileReference; fileEncoding = 4; lastKnownFileType = sourcecode.swift; path = LocationViewController.swift; sourceTree = "<group>"; };
		5F3D07EF1DAF093F005C1975 /* LocationDetailNameVC.swift */ = {isa = PBXFileReference; fileEncoding = 4; lastKnownFileType = sourcecode.swift; path = LocationDetailNameVC.swift; sourceTree = "<group>"; };
		5F3D07F21DAF1FCD005C1975 /* Trubble.ttf */ = {isa = PBXFileReference; lastKnownFileType = file; path = Trubble.ttf; sourceTree = "<group>"; };
		5F3D07F41DAF202B005C1975 /* Kickass.ttf */ = {isa = PBXFileReference; lastKnownFileType = file; path = Kickass.ttf; sourceTree = "<group>"; };
		5F3D07F61DAF22DE005C1975 /* Napapiiri.ttf */ = {isa = PBXFileReference; lastKnownFileType = file; path = Napapiiri.ttf; sourceTree = "<group>"; };
		5F3D07F81DAF2339005C1975 /* Iam.ttf */ = {isa = PBXFileReference; lastKnownFileType = file; path = Iam.ttf; sourceTree = "<group>"; };
		5F3D07FA1DAF3CE5005C1975 /* TimelineDetailVC.swift */ = {isa = PBXFileReference; fileEncoding = 4; lastKnownFileType = sourcecode.swift; path = TimelineDetailVC.swift; sourceTree = "<group>"; };
		5FB987141D8D8D430052AC6D /* SeniorSeminar.app */ = {isa = PBXFileReference; explicitFileType = wrapper.application; includeInIndex = 0; path = SeniorSeminar.app; sourceTree = BUILT_PRODUCTS_DIR; };
		5FB987171D8D8D430052AC6D /* AppDelegate.swift */ = {isa = PBXFileReference; lastKnownFileType = sourcecode.swift; path = AppDelegate.swift; sourceTree = "<group>"; };
		5FB987191D8D8D430052AC6D /* ViewController.swift */ = {isa = PBXFileReference; lastKnownFileType = sourcecode.swift; path = ViewController.swift; sourceTree = "<group>"; };
		5FB9871C1D8D8D430052AC6D /* Base */ = {isa = PBXFileReference; lastKnownFileType = file.storyboard; name = Base; path = Base.lproj/Main.storyboard; sourceTree = "<group>"; };
		5FB987211D8D8D430052AC6D /* Base */ = {isa = PBXFileReference; lastKnownFileType = file.storyboard; name = Base; path = Base.lproj/LaunchScreen.storyboard; sourceTree = "<group>"; };
		5FB987231D8D8D430052AC6D /* Info.plist */ = {isa = PBXFileReference; lastKnownFileType = text.plist.xml; path = Info.plist; sourceTree = "<group>"; };
		77B7176A5ADEAA7D5B5A1223 /* Pods-SeniorSeminar.release.xcconfig */ = {isa = PBXFileReference; includeInIndex = 1; lastKnownFileType = text.xcconfig; name = "Pods-SeniorSeminar.release.xcconfig"; path = "Pods/Target Support Files/Pods-SeniorSeminar/Pods-SeniorSeminar.release.xcconfig"; sourceTree = "<group>"; };
/* End PBXFileReference section */

/* Begin PBXFrameworksBuildPhase section */
		5FB987111D8D8D420052AC6D /* Frameworks */ = {
			isa = PBXFrameworksBuildPhase;
			buildActionMask = 2147483647;
			files = (
				FB128841B4A40D1A5AE89ED6 /* Pods_SeniorSeminar.framework in Frameworks */,
			);
			runOnlyForDeploymentPostprocessing = 0;
		};
/* End PBXFrameworksBuildPhase section */

/* Begin PBXGroup section */
		5F2DDCE51D9F4E9700AE2C83 /* Model */ = {
			isa = PBXGroup;
			children = (
				5F2DDCE81D9F4F2300AE2C83 /* Name.swift */,
				5F37218F1D9FF850005CBDF4 /* Company.swift */,
				5F3721931D9FFF00005CBDF4 /* Industry.swift */,
				5F3D07E71DAD8A0D005C1975 /* Location.swift */,
			);
			name = Model;
			sourceTree = "<group>";
		};
		5F2DDCE61D9F4EA600AE2C83 /* View */ = {
			isa = PBXGroup;
			children = (
				5F2DDCEA1D9F539400AE2C83 /* NameCell.swift */,
				5F3721911D9FF89F005CBDF4 /* CompanyCell.swift */,
				5F3721951D9FFF0F005CBDF4 /* IndustryCell.swift */,
				5F3D07E91DAD8A9F005C1975 /* LocationCell.swift */,
			);
			name = View;
			sourceTree = "<group>";
		};
		5F2DDCE71D9F4EAB00AE2C83 /* Controller */ = {
			isa = PBXGroup;
			children = (
				5F37218B1D9FF172005CBDF4 /* NameViewController.swift */,
				5F3721991DA08EBB005CBDF4 /* DetailNameVC.swift */,
				5F37218D1D9FF832005CBDF4 /* CompanyViewController.swift */,
				5F28A0CD1DC911B1000FD227 /* DetailCompanyVC.swift */,
				5F3D07DD1DA81364005C1975 /* CompanyNameListVC.swift */,
				5F3721971D9FFF30005CBDF4 /* IndustryViewController.swift */,
				5F3D07E31DACA16A005C1975 /* IndustryDetailVC.swift */,
				5FB987191D8D8D430052AC6D /* ViewController.swift */,
				5F3D07ED1DAD8BD2005C1975 /* LocationViewController.swift */,
				5F3D07EB1DAD8BAA005C1975 /* LocationDetailVC.swift */,
				5F28A0971DC1A2B5000FD227 /* LocationDetailSAVC.swift */,
				5F28A0991DC1A900000FD227 /* LocationDetailEUVC.swift */,
				5F28A09B1DC1A93B000FD227 /* LocationDetailAsiaVC.swift */,
				5F28A09D1DC1A96A000FD227 /* LocationDetailAfricaVC.swift */,
				5F28A09F1DC1A990000FD227 /* LocationDetailAustraliaVC.swift */,
				5F3D07EF1DAF093F005C1975 /* LocationDetailNameVC.swift */,
				5F3D07E51DAD3656005C1975 /* TimelineViewController.swift */,
				5F3D07FA1DAF3CE5005C1975 /* TimelineDetailVC.swift */,
			);
			name = Controller;
			sourceTree = "<group>";
		};
		5F3D07F11DAF1F87005C1975 /* Resources */ = {
			isa = PBXGroup;
			children = (
				5F28A0A11DC6E7C0000FD227 /* Constants.swift */,
				5F3D07F61DAF22DE005C1975 /* Napapiiri.ttf */,
				5F3D07F81DAF2339005C1975 /* Iam.ttf */,
				5F3D07F41DAF202B005C1975 /* Kickass.ttf */,
				5F3D07F21DAF1FCD005C1975 /* Trubble.ttf */,
			);
			name = Resources;
			sourceTree = "<group>";
		};
		5FB9870B1D8D8D420052AC6D = {
			isa = PBXGroup;
			children = (
				5FB987161D8D8D430052AC6D /* SeniorSeminar */,
				5FB987151D8D8D430052AC6D /* Products */,
				DFAE2DFE8C2EE4637DACB967 /* Pods */,
				C0AC342614E921AF82DDC78B /* Frameworks */,
			);
			sourceTree = "<group>";
		};
		5FB987151D8D8D430052AC6D /* Products */ = {
			isa = PBXGroup;
			children = (
				5FB987141D8D8D430052AC6D /* SeniorSeminar.app */,
			);
			name = Products;
			sourceTree = "<group>";
		};
		5FB987161D8D8D430052AC6D /* SeniorSeminar */ = {
			isa = PBXGroup;
			children = (
				5F2DDCE51D9F4E9700AE2C83 /* Model */,
				5F2DDCE61D9F4EA600AE2C83 /* View */,
				5F2DDCE71D9F4EAB00AE2C83 /* Controller */,
				5F3D07F11DAF1F87005C1975 /* Resources */,
				5FB987171D8D8D430052AC6D /* AppDelegate.swift */,
				5FB9871B1D8D8D430052AC6D /* Main.storyboard */,
				5F3D07DB1DA5DA75005C1975 /* Assets.xcassets */,
				5FB987201D8D8D430052AC6D /* LaunchScreen.storyboard */,
				5FB987231D8D8D430052AC6D /* Info.plist */,
			);
			path = SeniorSeminar;
			sourceTree = "<group>";
		};
		C0AC342614E921AF82DDC78B /* Frameworks */ = {
			isa = PBXGroup;
			children = (
				0B312AFCFA5FE4F21F74A629 /* Pods_SeniorSeminar.framework */,
			);
			name = Frameworks;
			sourceTree = "<group>";
		};
		DFAE2DFE8C2EE4637DACB967 /* Pods */ = {
			isa = PBXGroup;
			children = (
				4362DF0BFAA04476FFB31B1F /* Pods-SeniorSeminar.debug.xcconfig */,
				77B7176A5ADEAA7D5B5A1223 /* Pods-SeniorSeminar.release.xcconfig */,
			);
			name = Pods;
			sourceTree = "<group>";
		};
/* End PBXGroup section */

/* Begin PBXNativeTarget section */
		5FB987131D8D8D420052AC6D /* SeniorSeminar */ = {
			isa = PBXNativeTarget;
			buildConfigurationList = 5FB987261D8D8D430052AC6D /* Build configuration list for PBXNativeTarget "SeniorSeminar" */;
			buildPhases = (
				6BB2D980B8F708DDC9E829EF /* [CP] Check Pods Manifest.lock */,
				5FB987101D8D8D420052AC6D /* Sources */,
				5FB987111D8D8D420052AC6D /* Frameworks */,
				5FB987121D8D8D420052AC6D /* Resources */,
				10F0EAA3CC848481189F1FBA /* [CP] Embed Pods Frameworks */,
				5EDDD2BBD042A3B241C90E6E /* [CP] Copy Pods Resources */,
			);
			buildRules = (
			);
			dependencies = (
			);
			name = SeniorSeminar;
			productName = SeniorSeminar;
			productReference = 5FB987141D8D8D430052AC6D /* SeniorSeminar.app */;
			productType = "com.apple.product-type.application";
		};
/* End PBXNativeTarget section */

/* Begin PBXProject section */
		5FB9870C1D8D8D420052AC6D /* Project object */ = {
			isa = PBXProject;
			attributes = {
				LastSwiftUpdateCheck = 0720;
				LastUpgradeCheck = 0720;
				ORGANIZATIONNAME = "Julia Waggoner";
				TargetAttributes = {
					5FB987131D8D8D420052AC6D = {
						CreatedOnToolsVersion = 7.2;
					};
				};
			};
			buildConfigurationList = 5FB9870F1D8D8D420052AC6D /* Build configuration list for PBXProject "SeniorSeminar" */;
			compatibilityVersion = "Xcode 3.2";
			developmentRegion = English;
			hasScannedForEncodings = 0;
			knownRegions = (
				en,
				Base,
			);
			mainGroup = 5FB9870B1D8D8D420052AC6D;
			productRefGroup = 5FB987151D8D8D430052AC6D /* Products */;
			projectDirPath = "";
			projectRoot = "";
			targets = (
				5FB987131D8D8D420052AC6D /* SeniorSeminar */,
			);
		};
/* End PBXProject section */

/* Begin PBXResourcesBuildPhase section */
		5FB987121D8D8D420052AC6D /* Resources */ = {
			isa = PBXResourcesBuildPhase;
			buildActionMask = 2147483647;
			files = (
				5F3D07F71DAF22DE005C1975 /* Napapiiri.ttf in Resources */,
				5FB987221D8D8D430052AC6D /* LaunchScreen.storyboard in Resources */,
				5F3D07DC1DA5DA75005C1975 /* Assets.xcassets in Resources */,
				5FB9871D1D8D8D430052AC6D /* Main.storyboard in Resources */,
				5F3D07F51DAF202B005C1975 /* Kickass.ttf in Resources */,
				5F3D07F31DAF1FCD005C1975 /* Trubble.ttf in Resources */,
				5F3D07F91DAF2339005C1975 /* Iam.ttf in Resources */,
			);
			runOnlyForDeploymentPostprocessing = 0;
		};
/* End PBXResourcesBuildPhase section */

/* Begin PBXShellScriptBuildPhase section */
		10F0EAA3CC848481189F1FBA /* [CP] Embed Pods Frameworks */ = {
			isa = PBXShellScriptBuildPhase;
			buildActionMask = 2147483647;
			files = (
			);
			inputPaths = (
			);
			name = "[CP] Embed Pods Frameworks";
			outputPaths = (
			);
			runOnlyForDeploymentPostprocessing = 0;
			shellPath = /bin/sh;
			shellScript = "\"${SRCROOT}/Pods/Target Support Files/Pods-SeniorSeminar/Pods-SeniorSeminar-frameworks.sh\"\n";
			showEnvVarsInLog = 0;
		};
		5EDDD2BBD042A3B241C90E6E /* [CP] Copy Pods Resources */ = {
			isa = PBXShellScriptBuildPhase;
			buildActionMask = 2147483647;
			files = (
			);
			inputPaths = (
			);
			name = "[CP] Copy Pods Resources";
			outputPaths = (
			);
			runOnlyForDeploymentPostprocessing = 0;
			shellPath = /bin/sh;
			shellScript = "\"${SRCROOT}/Pods/Target Support Files/Pods-SeniorSeminar/Pods-SeniorSeminar-resources.sh\"\n";
			showEnvVarsInLog = 0;
		};
		6BB2D980B8F708DDC9E829EF /* [CP] Check Pods Manifest.lock */ = {
			isa = PBXShellScriptBuildPhase;
			buildActionMask = 2147483647;
			files = (
			);
			inputPaths = (
			);
			name = "[CP] Check Pods Manifest.lock";
			outputPaths = (
			);
			runOnlyForDeploymentPostprocessing = 0;
			shellPath = /bin/sh;
			shellScript = "diff \"${PODS_ROOT}/../Podfile.lock\" \"${PODS_ROOT}/Manifest.lock\" > /dev/null\nif [ $? != 0 ] ; then\n    # print error to STDERR\n    echo \"error: The sandbox is not in sync with the Podfile.lock. Run 'pod install' or update your CocoaPods installation.\" >&2\n    exit 1\nfi\n";
			showEnvVarsInLog = 0;
		};
/* End PBXShellScriptBuildPhase section */

/* Begin PBXSourcesBuildPhase section */
		5FB987101D8D8D420052AC6D /* Sources */ = {
			isa = PBXSourcesBuildPhase;
			buildActionMask = 2147483647;
			files = (
				5F28A09C1DC1A93B000FD227 /* LocationDetailAsiaVC.swift in Sources */,
				5F2DDCE91D9F4F2300AE2C83 /* Name.swift in Sources */,
				5FB9871A1D8D8D430052AC6D /* ViewController.swift in Sources */,
				5F3D07EC1DAD8BAA005C1975 /* LocationDetailVC.swift in Sources */,
				5F3D07E81DAD8A0D005C1975 /* Location.swift in Sources */,
				5F28A09A1DC1A900000FD227 /* LocationDetailEUVC.swift in Sources */,
				5F37219A1DA08EBC005CBDF4 /* DetailNameVC.swift in Sources */,
				5F3D07EA1DAD8A9F005C1975 /* LocationCell.swift in Sources */,
				5F3D07DE1DA81364005C1975 /* CompanyNameListVC.swift in Sources */,
				5F3D07EE1DAD8BD2005C1975 /* LocationViewController.swift in Sources */,
				5F37218E1D9FF833005CBDF4 /* CompanyViewController.swift in Sources */,
				5F28A09E1DC1A96A000FD227 /* LocationDetailAfricaVC.swift in Sources */,
				5F3721921D9FF89F005CBDF4 /* CompanyCell.swift in Sources */,
				5F28A0981DC1A2B5000FD227 /* LocationDetailSAVC.swift in Sources */,
				5F3D07FB1DAF3CE5005C1975 /* TimelineDetailVC.swift in Sources */,
				5F28A0CE1DC911B2000FD227 /* DetailCompanyVC.swift in Sources */,
				5F28A0A01DC1A990000FD227 /* LocationDetailAustraliaVC.swift in Sources */,
				5F2DDCEB1D9F539400AE2C83 /* NameCell.swift in Sources */,
				5F3721901D9FF850005CBDF4 /* Company.swift in Sources */,
				5FB987181D8D8D430052AC6D /* AppDelegate.swift in Sources */,
				5F3D07E41DACA16A005C1975 /* IndustryDetailVC.swift in Sources */,
				5F3721981D9FFF30005CBDF4 /* IndustryViewController.swift in Sources */,
				5F3D07F01DAF093F005C1975 /* LocationDetailNameVC.swift in Sources */,
				5F37218C1D9FF172005CBDF4 /* NameViewController.swift in Sources */,
				5F3721941D9FFF00005CBDF4 /* Industry.swift in Sources */,
				5F3721961D9FFF0F005CBDF4 /* IndustryCell.swift in Sources */,
				5F3D07E61DAD3657005C1975 /* TimelineViewController.swift in Sources */,
				5F28A0A21DC6E7C0000FD227 /* Constants.swift in Sources */,
			);
			runOnlyForDeploymentPostprocessing = 0;
		};
/* End PBXSourcesBuildPhase section */

/* Begin PBXVariantGroup section */
		5FB9871B1D8D8D430052AC6D /* Main.storyboard */ = {
			isa = PBXVariantGroup;
			children = (
				5FB9871C1D8D8D430052AC6D /* Base */,
			);
			name = Main.storyboard;
			sourceTree = "<group>";
		};
		5FB987201D8D8D430052AC6D /* LaunchScreen.storyboard */ = {
			isa = PBXVariantGroup;
			children = (
				5FB987211D8D8D430052AC6D /* Base */,
			);
			name = LaunchScreen.storyboard;
			sourceTree = "<group>";
		};
/* End PBXVariantGroup section */

/* Begin XCBuildConfiguration section */
		5FB987241D8D8D430052AC6D /* Debug */ = {
			isa = XCBuildConfiguration;
			buildSettings = {
				ALWAYS_SEARCH_USER_PATHS = NO;
				CLANG_CXX_LANGUAGE_STANDARD = "gnu++0x";
				CLANG_CXX_LIBRARY = "libc++";
				CLANG_ENABLE_MODULES = YES;
				CLANG_ENABLE_OBJC_ARC = YES;
				CLANG_WARN_BOOL_CONVERSION = YES;
				CLANG_WARN_CONSTANT_CONVERSION = YES;
				CLANG_WARN_DIRECT_OBJC_ISA_USAGE = YES_ERROR;
				CLANG_WARN_EMPTY_BODY = YES;
				CLANG_WARN_ENUM_CONVERSION = YES;
				CLANG_WARN_INT_CONVERSION = YES;
				CLANG_WARN_OBJC_ROOT_CLASS = YES_ERROR;
				CLANG_WARN_UNREACHABLE_CODE = YES;
				CLANG_WARN__DUPLICATE_METHOD_MATCH = YES;
				"CODE_SIGN_IDENTITY[sdk=iphoneos*]" = "iPhone Developer";
				COPY_PHASE_STRIP = NO;
				DEBUG_INFORMATION_FORMAT = dwarf;
				ENABLE_STRICT_OBJC_MSGSEND = YES;
				ENABLE_TESTABILITY = YES;
				GCC_C_LANGUAGE_STANDARD = gnu99;
				GCC_DYNAMIC_NO_PIC = NO;
				GCC_NO_COMMON_BLOCKS = YES;
				GCC_OPTIMIZATION_LEVEL = 0;
				GCC_PREPROCESSOR_DEFINITIONS = (
					"DEBUG=1",
					"$(inherited)",
				);
				GCC_WARN_64_TO_32_BIT_CONVERSION = YES;
				GCC_WARN_ABOUT_RETURN_TYPE = YES_ERROR;
				GCC_WARN_UNDECLARED_SELECTOR = YES;
				GCC_WARN_UNINITIALIZED_AUTOS = YES_AGGRESSIVE;
				GCC_WARN_UNUSED_FUNCTION = YES;
				GCC_WARN_UNUSED_VARIABLE = YES;
				IPHONEOS_DEPLOYMENT_TARGET = 9.2;
				MTL_ENABLE_DEBUG_INFO = YES;
				ONLY_ACTIVE_ARCH = YES;
				SDKROOT = iphoneos;
				SWIFT_OPTIMIZATION_LEVEL = "-Onone";
				TARGETED_DEVICE_FAMILY = "1,2";
			};
			name = Debug;
		};
		5FB987251D8D8D430052AC6D /* Release */ = {
			isa = XCBuildConfiguration;
			buildSettings = {
				ALWAYS_SEARCH_USER_PATHS = NO;
				CLANG_CXX_LANGUAGE_STANDARD = "gnu++0x";
				CLANG_CXX_LIBRARY = "libc++";
				CLANG_ENABLE_MODULES = YES;
				CLANG_ENABLE_OBJC_ARC = YES;
				CLANG_WARN_BOOL_CONVERSION = YES;
				CLANG_WARN_CONSTANT_CONVERSION = YES;
				CLANG_WARN_DIRECT_OBJC_ISA_USAGE = YES_ERROR;
				CLANG_WARN_EMPTY_BODY = YES;
				CLANG_WARN_ENUM_CONVERSION = YES;
				CLANG_WARN_INT_CONVERSION = YES;
				CLANG_WARN_OBJC_ROOT_CLASS = YES_ERROR;
				CLANG_WARN_UNREACHABLE_CODE = YES;
				CLANG_WARN__DUPLICATE_METHOD_MATCH = YES;
				"CODE_SIGN_IDENTITY[sdk=iphoneos*]" = "iPhone Developer";
				COPY_PHASE_STRIP = NO;
				DEBUG_INFORMATION_FORMAT = "dwarf-with-dsym";
				ENABLE_NS_ASSERTIONS = NO;
				ENABLE_STRICT_OBJC_MSGSEND = YES;
				GCC_C_LANGUAGE_STANDARD = gnu99;
				GCC_NO_COMMON_BLOCKS = YES;
				GCC_WARN_64_TO_32_BIT_CONVERSION = YES;
				GCC_WARN_ABOUT_RETURN_TYPE = YES_ERROR;
				GCC_WARN_UNDECLARED_SELECTOR = YES;
				GCC_WARN_UNINITIALIZED_AUTOS = YES_AGGRESSIVE;
				GCC_WARN_UNUSED_FUNCTION = YES;
				GCC_WARN_UNUSED_VARIABLE = YES;
				IPHONEOS_DEPLOYMENT_TARGET = 9.2;
				MTL_ENABLE_DEBUG_INFO = NO;
				SDKROOT = iphoneos;
				TARGETED_DEVICE_FAMILY = "1,2";
				VALIDATE_PRODUCT = YES;
			};
			name = Release;
		};
		5FB987271D8D8D430052AC6D /* Debug */ = {
			isa = XCBuildConfiguration;
			baseConfigurationReference = 4362DF0BFAA04476FFB31B1F /* Pods-SeniorSeminar.debug.xcconfig */;
			buildSettings = {
				ASSETCATALOG_COMPILER_APPICON_NAME = AppIcon;
				INFOPLIST_FILE = SeniorSeminar/Info.plist;
				LD_RUNPATH_SEARCH_PATHS = "$(inherited) @executable_path/Frameworks";
				PRODUCT_BUNDLE_IDENTIFIER = com.julia.SeniorSeminar;
				PRODUCT_NAME = "$(TARGET_NAME)";
			};
			name = Debug;
		};
		5FB987281D8D8D430052AC6D /* Release */ = {
			isa = XCBuildConfiguration;
			baseConfigurationReference = 77B7176A5ADEAA7D5B5A1223 /* Pods-SeniorSeminar.release.xcconfig */;
			buildSettings = {
				ASSETCATALOG_COMPILER_APPICON_NAME = AppIcon;
				INFOPLIST_FILE = SeniorSeminar/Info.plist;
				LD_RUNPATH_SEARCH_PATHS = "$(inherited) @executable_path/Frameworks";
				PRODUCT_BUNDLE_IDENTIFIER = com.julia.SeniorSeminar;
				PRODUCT_NAME = "$(TARGET_NAME)";
			};
			name = Release;
		};
/* End XCBuildConfiguration section */

/* Begin XCConfigurationList section */
		5FB9870F1D8D8D420052AC6D /* Build configuration list for PBXProject "SeniorSeminar" */ = {
			isa = XCConfigurationList;
			buildConfigurations = (
				5FB987241D8D8D430052AC6D /* Debug */,
				5FB987251D8D8D430052AC6D /* Release */,
			);
			defaultConfigurationIsVisible = 0;
			defaultConfigurationName = Release;
		};
		5FB987261D8D8D430052AC6D /* Build configuration list for PBXNativeTarget "SeniorSeminar" */ = {
			isa = XCConfigurationList;
			buildConfigurations = (
				5FB987271D8D8D430052AC6D /* Debug */,
				5FB987281D8D8D430052AC6D /* Release */,
			);
			defaultConfigurationIsVisible = 0;
			defaultConfigurationName = Release;
		};
/* End XCConfigurationList section */
	};
	rootObject = 5FB9870C1D8D8D420052AC6D /* Project object */;
}
